
Microsoft Visual Studio Solution File, Format Version 12.00
# Visual Studio Version 16
VisualStudioVersion = 16.0.31624.102
MinimumVisualStudioVersion = 10.0.40219.1
Project("{FAE04EC0-301F-11D3-BF4B-00C04F79EFBC}") = "Problem1_CalCulate_Mobile_Bill", "Problem1_CalCulate_Mobile_Bill.csproj", "{7B600272-613E-46D8-99EF-B5994A15D7D5}"
EndProject
Global
	GlobalSection(SolutionConfigurationPlatforms) = preSolution
		Debug|Any CPU = Debug|Any CPU
		Release|Any CPU = Release|Any CPU
	EndGlobalSection
	GlobalSection(ProjectConfigurationPlatforms) = postSolution
		{7B600272-613E-46D8-99EF-B5994A15D7D5}.Debug|Any CPU.ActiveCfg = Debug|Any CPU
		{7B600272-613E-46D8-99EF-B5994A15D7D5}.Debug|Any CPU.Build.0 = Debug|Any CPU
		{7B600272-613E-46D8-99EF-B5994A15D7D5}.Release|Any CPU.ActiveCfg = Release|Any CPU
		{7B600272-613E-46D8-99EF-B5994A15D7D5}.Release|Any CPU.Build.0 = Release|Any CPU
	EndGlobalSection
	GlobalSection(SolutionProperties) = preSolution
		HideSolutionNode = FALSE
	EndGlobalSection
	GlobalSection(ExtensibilityGlobals) = postSolution
		SolutionGuid = {81BCF2DE-F32E-4C73-8BE6-F7D2AEA535D1}
	EndGlobalSection
EndGlobal
